
Microsoft Visual Studio Solution File, Format Version 12.00
# Visual Studio Version 16
VisualStudioVersion = 16.0.31829.152
MinimumVisualStudioVersion = 10.0.40219.1
Project("{FAE04EC0-301F-11D3-BF4B-00C04F79EFBC}") = "ViewModels", "ViewModels\ViewModels.csproj", "{72A9D11A-8898-4A41-B2FF-D252D6F894CA}"
EndProject
Global
	GlobalSection(SolutionConfigurationPlatforms) = preSolution
		Debug|Any CPU = Debug|Any CPU
		Release|Any CPU = Release|Any CPU
	EndGlobalSection
	GlobalSection(ProjectConfigurationPlatforms) = postSolution
		{72A9D11A-8898-4A41-B2FF-D252D6F894CA}.Debug|Any CPU.ActiveCfg = Debug|Any CPU
		{72A9D11A-8898-4A41-B2FF-D252D6F894CA}.Debug|Any CPU.Build.0 = Debug|Any CPU
		{72A9D11A-8898-4A41-B2FF-D252D6F894CA}.Release|Any CPU.ActiveCfg = Release|Any CPU
		{72A9D11A-8898-4A41-B2FF-D252D6F894CA}.Release|Any CPU.Build.0 = Release|Any CPU
	EndGlobalSection
	GlobalSection(SolutionProperties) = preSolution
		HideSolutionNode = FALSE
	EndGlobalSection
	GlobalSection(ExtensibilityGlobals) = postSolution
		SolutionGuid = {A7131AEE-4F1C-40AF-9BA6-EC2F18A2FCAF}
	EndGlobalSection
EndGlobal
